// !$*UTF8*$!
{
	archiveVersion = 1;
	classes = {
	};
	objectVersion = 51;
	objects = {

/* Begin PBXBuildFile section */
		A42E238F539749DDCA452BE0 /* Pods_JigTalk_Movies.framework in Frameworks */ = {isa = PBXBuildFile; fileRef = 21488BF7810CCDCA794F0636 /* Pods_JigTalk_Movies.framework */; };
		C4055ABD23DA2BF300036862 /* ResultsTests.swift in Sources */ = {isa = PBXBuildFile; fileRef = C4055ABC23DA2BF300036862 /* ResultsTests.swift */; };
		C45E281823D9062A0096CE72 /* SearchTests.swift in Sources */ = {isa = PBXBuildFile; fileRef = C45E281723D9062A0096CE72 /* SearchTests.swift */; };
		C45E281D23DA0EE60096CE72 /* JCResultsVC.swift in Sources */ = {isa = PBXBuildFile; fileRef = C45E281C23DA0EE60096CE72 /* JCResultsVC.swift */; };
		C45E282423DA140C0096CE72 /* JCResultCell.swift in Sources */ = {isa = PBXBuildFile; fileRef = C45E282223DA140C0096CE72 /* JCResultCell.swift */; };
		C45E282523DA140C0096CE72 /* JCResultCell.xib in Resources */ = {isa = PBXBuildFile; fileRef = C45E282323DA140C0096CE72 /* JCResultCell.xib */; };
		C4C8602E23D8E60100D4F5C1 /* AppDelegate.swift in Sources */ = {isa = PBXBuildFile; fileRef = C4C8602D23D8E60100D4F5C1 /* AppDelegate.swift */; };
		C4C8603023D8E60100D4F5C1 /* SceneDelegate.swift in Sources */ = {isa = PBXBuildFile; fileRef = C4C8602F23D8E60100D4F5C1 /* SceneDelegate.swift */; };
		C4C8603523D8E60100D4F5C1 /* Main.storyboard in Resources */ = {isa = PBXBuildFile; fileRef = C4C8603323D8E60100D4F5C1 /* Main.storyboard */; };
		C4C8603723D8E60300D4F5C1 /* Assets.xcassets in Resources */ = {isa = PBXBuildFile; fileRef = C4C8603623D8E60300D4F5C1 /* Assets.xcassets */; };
		C4C8603A23D8E60300D4F5C1 /* LaunchScreen.storyboard in Resources */ = {isa = PBXBuildFile; fileRef = C4C8603823D8E60300D4F5C1 /* LaunchScreen.storyboard */; };
		C4C8605823D8E6AC00D4F5C1 /* JCSearchVC.swift in Sources */ = {isa = PBXBuildFile; fileRef = C4C8605723D8E6AC00D4F5C1 /* JCSearchVC.swift */; };
		C4C8605A23D8E70100D4F5C1 /* JCSearchInteractor.swift in Sources */ = {isa = PBXBuildFile; fileRef = C4C8605923D8E70100D4F5C1 /* JCSearchInteractor.swift */; };
		C4C8605D23D8E74500D4F5C1 /* JCSearchService.swift in Sources */ = {isa = PBXBuildFile; fileRef = C4C8605C23D8E74500D4F5C1 /* JCSearchService.swift */; };
		C4C8606023D8E88500D4F5C1 /* JCSearchResult.swift in Sources */ = {isa = PBXBuildFile; fileRef = C4C8605F23D8E88500D4F5C1 /* JCSearchResult.swift */; };
		C4C8606223D8EA1200D4F5C1 /* JCNetworkManager.swift in Sources */ = {isa = PBXBuildFile; fileRef = C4C8606123D8EA1200D4F5C1 /* JCNetworkManager.swift */; };
		F845DBC018113621ADB79887 /* Pods_JigTalk_MoviesTests.framework in Frameworks */ = {isa = PBXBuildFile; fileRef = CAB78328753910431B13544F /* Pods_JigTalk_MoviesTests.framework */; };
/* End PBXBuildFile section */

/* Begin PBXContainerItemProxy section */
		C4C8604123D8E60300D4F5C1 /* PBXContainerItemProxy */ = {
			isa = PBXContainerItemProxy;
			containerPortal = C4C8602223D8E60100D4F5C1 /* Project object */;
			proxyType = 1;
			remoteGlobalIDString = C4C8602923D8E60100D4F5C1;
			remoteInfo = "JigTalk Movies";
		};
/* End PBXContainerItemProxy section */

/* Begin PBXFileReference section */
		1377B1BD974A98C1788F9F20 /* Pods-JigTalk MoviesTests.release.xcconfig */ = {isa = PBXFileReference; includeInIndex = 1; lastKnownFileType = text.xcconfig; name = "Pods-JigTalk MoviesTests.release.xcconfig"; path = "Target Support Files/Pods-JigTalk MoviesTests/Pods-JigTalk MoviesTests.release.xcconfig"; sourceTree = "<group>"; };
		21488BF7810CCDCA794F0636 /* Pods_JigTalk_Movies.framework */ = {isa = PBXFileReference; explicitFileType = wrapper.framework; includeInIndex = 0; path = Pods_JigTalk_Movies.framework; sourceTree = BUILT_PRODUCTS_DIR; };
		36E82BE8318EDF587350AB81 /* Pods-JigTalk MoviesTests.debug.xcconfig */ = {isa = PBXFileReference; includeInIndex = 1; lastKnownFileType = text.xcconfig; name = "Pods-JigTalk MoviesTests.debug.xcconfig"; path = "Target Support Files/Pods-JigTalk MoviesTests/Pods-JigTalk MoviesTests.debug.xcconfig"; sourceTree = "<group>"; };
		8176022C9FA60F8EC01C216C /* Pods-JigTalk Movies.release.xcconfig */ = {isa = PBXFileReference; includeInIndex = 1; lastKnownFileType = text.xcconfig; name = "Pods-JigTalk Movies.release.xcconfig"; path = "Target Support Files/Pods-JigTalk Movies/Pods-JigTalk Movies.release.xcconfig"; sourceTree = "<group>"; };
		A9D7E682ED33A78A484C9FD2 /* Pods-JigTalk Movies.debug.xcconfig */ = {isa = PBXFileReference; includeInIndex = 1; lastKnownFileType = text.xcconfig; name = "Pods-JigTalk Movies.debug.xcconfig"; path = "Target Support Files/Pods-JigTalk Movies/Pods-JigTalk Movies.debug.xcconfig"; sourceTree = "<group>"; };
		C4055ABC23DA2BF300036862 /* ResultsTests.swift */ = {isa = PBXFileReference; lastKnownFileType = sourcecode.swift; path = ResultsTests.swift; sourceTree = "<group>"; };
		C45E281723D9062A0096CE72 /* SearchTests.swift */ = {isa = PBXFileReference; lastKnownFileType = sourcecode.swift; path = SearchTests.swift; sourceTree = "<group>"; };
		C45E281C23DA0EE60096CE72 /* JCResultsVC.swift */ = {isa = PBXFileReference; lastKnownFileType = sourcecode.swift; path = JCResultsVC.swift; sourceTree = "<group>"; };
		C45E282223DA140C0096CE72 /* JCResultCell.swift */ = {isa = PBXFileReference; lastKnownFileType = sourcecode.swift; path = JCResultCell.swift; sourceTree = "<group>"; };
		C45E282323DA140C0096CE72 /* JCResultCell.xib */ = {isa = PBXFileReference; lastKnownFileType = file.xib; path = JCResultCell.xib; sourceTree = "<group>"; };
		C4C8602A23D8E60100D4F5C1 /* JigTalk Movies.app */ = {isa = PBXFileReference; explicitFileType = wrapper.application; includeInIndex = 0; path = "JigTalk Movies.app"; sourceTree = BUILT_PRODUCTS_DIR; };
		C4C8602D23D8E60100D4F5C1 /* AppDelegate.swift */ = {isa = PBXFileReference; lastKnownFileType = sourcecode.swift; path = AppDelegate.swift; sourceTree = "<group>"; };
		C4C8602F23D8E60100D4F5C1 /* SceneDelegate.swift */ = {isa = PBXFileReference; lastKnownFileType = sourcecode.swift; path = SceneDelegate.swift; sourceTree = "<group>"; };
		C4C8603423D8E60100D4F5C1 /* Base */ = {isa = PBXFileReference; lastKnownFileType = file.storyboard; name = Base; path = Base.lproj/Main.storyboard; sourceTree = "<group>"; };
		C4C8603623D8E60300D4F5C1 /* Assets.xcassets */ = {isa = PBXFileReference; lastKnownFileType = folder.assetcatalog; path = Assets.xcassets; sourceTree = "<group>"; };
		C4C8603923D8E60300D4F5C1 /* Base */ = {isa = PBXFileReference; lastKnownFileType = file.storyboard; name = Base; path = Base.lproj/LaunchScreen.storyboard; sourceTree = "<group>"; };
		C4C8603B23D8E60300D4F5C1 /* Info.plist */ = {isa = PBXFileReference; lastKnownFileType = text.plist.xml; path = Info.plist; sourceTree = "<group>"; };
		C4C8604023D8E60300D4F5C1 /* JigTalk MoviesTests.xctest */ = {isa = PBXFileReference; explicitFileType = wrapper.cfbundle; includeInIndex = 0; path = "JigTalk MoviesTests.xctest"; sourceTree = BUILT_PRODUCTS_DIR; };
		C4C8604623D8E60300D4F5C1 /* Info.plist */ = {isa = PBXFileReference; lastKnownFileType = text.plist.xml; path = Info.plist; sourceTree = "<group>"; };
		C4C8605723D8E6AC00D4F5C1 /* JCSearchVC.swift */ = {isa = PBXFileReference; lastKnownFileType = sourcecode.swift; path = JCSearchVC.swift; sourceTree = "<group>"; };
		C4C8605923D8E70100D4F5C1 /* JCSearchInteractor.swift */ = {isa = PBXFileReference; lastKnownFileType = sourcecode.swift; path = JCSearchInteractor.swift; sourceTree = "<group>"; };
		C4C8605C23D8E74500D4F5C1 /* JCSearchService.swift */ = {isa = PBXFileReference; lastKnownFileType = sourcecode.swift; path = JCSearchService.swift; sourceTree = "<group>"; };
		C4C8605F23D8E88500D4F5C1 /* JCSearchResult.swift */ = {isa = PBXFileReference; lastKnownFileType = sourcecode.swift; path = JCSearchResult.swift; sourceTree = "<group>"; };
		C4C8606123D8EA1200D4F5C1 /* JCNetworkManager.swift */ = {isa = PBXFileReference; lastKnownFileType = sourcecode.swift; path = JCNetworkManager.swift; sourceTree = "<group>"; };
		CAB78328753910431B13544F /* Pods_JigTalk_MoviesTests.framework */ = {isa = PBXFileReference; explicitFileType = wrapper.framework; includeInIndex = 0; path = Pods_JigTalk_MoviesTests.framework; sourceTree = BUILT_PRODUCTS_DIR; };
/* End PBXFileReference section */

/* Begin PBXFrameworksBuildPhase section */
		C4C8602723D8E60100D4F5C1 /* Frameworks */ = {
			isa = PBXFrameworksBuildPhase;
			buildActionMask = 2147483647;
			files = (
				A42E238F539749DDCA452BE0 /* Pods_JigTalk_Movies.framework in Frameworks */,
			);
			runOnlyForDeploymentPostprocessing = 0;
		};
		C4C8603D23D8E60300D4F5C1 /* Frameworks */ = {
			isa = PBXFrameworksBuildPhase;
			buildActionMask = 2147483647;
			files = (
				F845DBC018113621ADB79887 /* Pods_JigTalk_MoviesTests.framework in Frameworks */,
			);
			runOnlyForDeploymentPostprocessing = 0;
		};
/* End PBXFrameworksBuildPhase section */

/* Begin PBXGroup section */
		0BD64A1D4E0255FD9E30984B /* Frameworks */ = {
			isa = PBXGroup;
			children = (
				21488BF7810CCDCA794F0636 /* Pods_JigTalk_Movies.framework */,
				CAB78328753910431B13544F /* Pods_JigTalk_MoviesTests.framework */,
			);
			name = Frameworks;
			sourceTree = "<group>";
		};
		C4003FA311BB11C4832BA54F /* Pods */ = {
			isa = PBXGroup;
			children = (
				A9D7E682ED33A78A484C9FD2 /* Pods-JigTalk Movies.debug.xcconfig */,
				8176022C9FA60F8EC01C216C /* Pods-JigTalk Movies.release.xcconfig */,
				36E82BE8318EDF587350AB81 /* Pods-JigTalk MoviesTests.debug.xcconfig */,
				1377B1BD974A98C1788F9F20 /* Pods-JigTalk MoviesTests.release.xcconfig */,
			);
			path = Pods;
			sourceTree = "<group>";
		};
		C4055ABB23DA2BD900036862 /* Results Tests */ = {
			isa = PBXGroup;
			children = (
				C4055ABC23DA2BF300036862 /* ResultsTests.swift */,
			);
			path = "Results Tests";
			sourceTree = "<group>";
		};
		C45E281623D906070096CE72 /* Search Tests */ = {
			isa = PBXGroup;
			children = (
				C45E281723D9062A0096CE72 /* SearchTests.swift */,
			);
			path = "Search Tests";
			sourceTree = "<group>";
		};
		C45E281923DA0EBA0096CE72 /* ResultsVC */ = {
			isa = PBXGroup;
			children = (
				C45E281A23DA0EC40096CE72 /* UI Layer */,
			);
			path = ResultsVC;
			sourceTree = "<group>";
		};
		C45E281A23DA0EC40096CE72 /* UI Layer */ = {
			isa = PBXGroup;
			children = (
				C45E281C23DA0EE60096CE72 /* JCResultsVC.swift */,
				C45E282223DA140C0096CE72 /* JCResultCell.swift */,
				C45E282323DA140C0096CE72 /* JCResultCell.xib */,
			);
			path = "UI Layer";
			sourceTree = "<group>";
		};
		C4C8602123D8E60100D4F5C1 = {
			isa = PBXGroup;
			children = (
				C4C8602C23D8E60100D4F5C1 /* JigTalk Movies */,
				C4C8604323D8E60300D4F5C1 /* JigTalk MoviesTests */,
				C4C8602B23D8E60100D4F5C1 /* Products */,
				C4003FA311BB11C4832BA54F /* Pods */,
				0BD64A1D4E0255FD9E30984B /* Frameworks */,
			);
			sourceTree = "<group>";
		};
		C4C8602B23D8E60100D4F5C1 /* Products */ = {
			isa = PBXGroup;
			children = (
				C4C8602A23D8E60100D4F5C1 /* JigTalk Movies.app */,
				C4C8604023D8E60300D4F5C1 /* JigTalk MoviesTests.xctest */,
			);
			name = Products;
			sourceTree = "<group>";
		};
		C4C8602C23D8E60100D4F5C1 /* JigTalk Movies */ = {
			isa = PBXGroup;
			children = (
				C4C8605023D8E64800D4F5C1 /* Common */,
				C4C8604F23D8E64000D4F5C1 /* Features */,
				C4C8602D23D8E60100D4F5C1 /* AppDelegate.swift */,
				C4C8602F23D8E60100D4F5C1 /* SceneDelegate.swift */,
				C4C8603323D8E60100D4F5C1 /* Main.storyboard */,
				C4C8603623D8E60300D4F5C1 /* Assets.xcassets */,
				C4C8603823D8E60300D4F5C1 /* LaunchScreen.storyboard */,
				C4C8603B23D8E60300D4F5C1 /* Info.plist */,
			);
			path = "JigTalk Movies";
			sourceTree = "<group>";
		};
		C4C8604323D8E60300D4F5C1 /* JigTalk MoviesTests */ = {
			isa = PBXGroup;
			children = (
				C4055ABB23DA2BD900036862 /* Results Tests */,
				C45E281623D906070096CE72 /* Search Tests */,
				C4C8604623D8E60300D4F5C1 /* Info.plist */,
			);
			path = "JigTalk MoviesTests";
			sourceTree = "<group>";
		};
		C4C8604F23D8E64000D4F5C1 /* Features */ = {
			isa = PBXGroup;
			children = (
				C45E281923DA0EBA0096CE72 /* ResultsVC */,
				C4C8605123D8E65300D4F5C1 /* SearchVC */,
			);
			path = Features;
			sourceTree = "<group>";
		};
		C4C8605023D8E64800D4F5C1 /* Common */ = {
			isa = PBXGroup;
			children = (
				C4C8605E23D8E86600D4F5C1 /* Models */,
				C4C8605B23D8E73100D4F5C1 /* Services */,
				C4C8606123D8EA1200D4F5C1 /* JCNetworkManager.swift */,
			);
			path = Common;
			sourceTree = "<group>";
		};
		C4C8605123D8E65300D4F5C1 /* SearchVC */ = {
			isa = PBXGroup;
			children = (
				C4C8605523D8E68F00D4F5C1 /* Business Layer */,
				C4C8605423D8E68A00D4F5C1 /* UI Layer */,
			);
			path = SearchVC;
			sourceTree = "<group>";
		};
		C4C8605423D8E68A00D4F5C1 /* UI Layer */ = {
			isa = PBXGroup;
			children = (
				C4C8605723D8E6AC00D4F5C1 /* JCSearchVC.swift */,
			);
			path = "UI Layer";
			sourceTree = "<group>";
		};
		C4C8605523D8E68F00D4F5C1 /* Business Layer */ = {
			isa = PBXGroup;
			children = (
				C4C8605923D8E70100D4F5C1 /* JCSearchInteractor.swift */,
			);
			path = "Business Layer";
			sourceTree = "<group>";
		};
		C4C8605B23D8E73100D4F5C1 /* Services */ = {
			isa = PBXGroup;
			children = (
				C4C8605C23D8E74500D4F5C1 /* JCSearchService.swift */,
			);
			path = Services;
			sourceTree = "<group>";
		};
		C4C8605E23D8E86600D4F5C1 /* Models */ = {
			isa = PBXGroup;
			children = (
				C4C8605F23D8E88500D4F5C1 /* JCSearchResult.swift */,
			);
			path = Models;
			sourceTree = "<group>";
		};
/* End PBXGroup section */

/* Begin PBXNativeTarget section */
		C4C8602923D8E60100D4F5C1 /* JigTalk Movies */ = {
			isa = PBXNativeTarget;
			buildConfigurationList = C4C8604923D8E60300D4F5C1 /* Build configuration list for PBXNativeTarget "JigTalk Movies" */;
			buildPhases = (
				D4FD2239C192D904112DB791 /* [CP] Check Pods Manifest.lock */,
				C4C8602623D8E60100D4F5C1 /* Sources */,
				C4C8602723D8E60100D4F5C1 /* Frameworks */,
				C4C8602823D8E60100D4F5C1 /* Resources */,
				F6C0DA4BE59C71C71AF1480A /* [CP] Embed Pods Frameworks */,
			);
			buildRules = (
			);
			dependencies = (
			);
			name = "JigTalk Movies";
			productName = "JigTalk Movies";
			productReference = C4C8602A23D8E60100D4F5C1 /* JigTalk Movies.app */;
			productType = "com.apple.product-type.application";
		};
		C4C8603F23D8E60300D4F5C1 /* JigTalk MoviesTests */ = {
			isa = PBXNativeTarget;
			buildConfigurationList = C4C8604C23D8E60300D4F5C1 /* Build configuration list for PBXNativeTarget "JigTalk MoviesTests" */;
			buildPhases = (
				E8FDDAC8BC25F221B285A8A5 /* [CP] Check Pods Manifest.lock */,
				C4C8603C23D8E60300D4F5C1 /* Sources */,
				C4C8603D23D8E60300D4F5C1 /* Frameworks */,
				C4C8603E23D8E60300D4F5C1 /* Resources */,
			);
			buildRules = (
			);
			dependencies = (
				C4C8604223D8E60300D4F5C1 /* PBXTargetDependency */,
			);
			name = "JigTalk MoviesTests";
			productName = "JigTalk MoviesTests";
			productReference = C4C8604023D8E60300D4F5C1 /* JigTalk MoviesTests.xctest */;
			productType = "com.apple.product-type.bundle.unit-test";
		};
/* End PBXNativeTarget section */

/* Begin PBXProject section */
		C4C8602223D8E60100D4F5C1 /* Project object */ = {
			isa = PBXProject;
			attributes = {
				LastSwiftUpdateCheck = 1120;
				LastUpgradeCheck = 1120;
				ORGANIZATIONNAME = "Joshua Colley";
				TargetAttributes = {
					C4C8602923D8E60100D4F5C1 = {
						CreatedOnToolsVersion = 11.2.1;
					};
					C4C8603F23D8E60300D4F5C1 = {
						CreatedOnToolsVersion = 11.2.1;
						TestTargetID = C4C8602923D8E60100D4F5C1;
					};
				};
			};
			buildConfigurationList = C4C8602523D8E60100D4F5C1 /* Build configuration list for PBXProject "JigTalk Movies" */;
			compatibilityVersion = "Xcode 9.3";
			developmentRegion = en;
			hasScannedForEncodings = 0;
			knownRegions = (
				en,
				Base,
			);
			mainGroup = C4C8602123D8E60100D4F5C1;
			productRefGroup = C4C8602B23D8E60100D4F5C1 /* Products */;
			projectDirPath = "";
			projectRoot = "";
			targets = (
				C4C8602923D8E60100D4F5C1 /* JigTalk Movies */,
				C4C8603F23D8E60300D4F5C1 /* JigTalk MoviesTests */,
			);
		};
/* End PBXProject section */

/* Begin PBXResourcesBuildPhase section */
		C4C8602823D8E60100D4F5C1 /* Resources */ = {
			isa = PBXResourcesBuildPhase;
			buildActionMask = 2147483647;
			files = (
				C4C8603A23D8E60300D4F5C1 /* LaunchScreen.storyboard in Resources */,
				C45E282523DA140C0096CE72 /* JCResultCell.xib in Resources */,
				C4C8603723D8E60300D4F5C1 /* Assets.xcassets in Resources */,
				C4C8603523D8E60100D4F5C1 /* Main.storyboard in Resources */,
			);
			runOnlyForDeploymentPostprocessing = 0;
		};
		C4C8603E23D8E60300D4F5C1 /* Resources */ = {
			isa = PBXResourcesBuildPhase;
			buildActionMask = 2147483647;
			files = (
			);
			runOnlyForDeploymentPostprocessing = 0;
		};
/* End PBXResourcesBuildPhase section */

/* Begin PBXShellScriptBuildPhase section */
		D4FD2239C192D904112DB791 /* [CP] Check Pods Manifest.lock */ = {
			isa = PBXShellScriptBuildPhase;
			buildActionMask = 2147483647;
			files = (
			);
			inputFileListPaths = (
			);
			inputPaths = (
				"${PODS_PODFILE_DIR_PATH}/Podfile.lock",
				"${PODS_ROOT}/Manifest.lock",
			);
			name = "[CP] Check Pods Manifest.lock";
			outputFileListPaths = (
			);
			outputPaths = (
				"$(DERIVED_FILE_DIR)/Pods-JigTalk Movies-checkManifestLockResult.txt",
			);
			runOnlyForDeploymentPostprocessing = 0;
			shellPath = /bin/sh;
			shellScript = "diff \"${PODS_PODFILE_DIR_PATH}/Podfile.lock\" \"${PODS_ROOT}/Manifest.lock\" > /dev/null\nif [ $? != 0 ] ; then\n    # print error to STDERR\n    echo \"error: The sandbox is not in sync with the Podfile.lock. Run 'pod install' or update your CocoaPods installation.\" >&2\n    exit 1\nfi\n# This output is used by Xcode 'outputs' to avoid re-running this script phase.\necho \"SUCCESS\" > \"${SCRIPT_OUTPUT_FILE_0}\"\n";
			showEnvVarsInLog = 0;
		};
		E8FDDAC8BC25F221B285A8A5 /* [CP] Check Pods Manifest.lock */ = {
			isa = PBXShellScriptBuildPhase;
			buildActionMask = 2147483647;
			files = (
			);
			inputFileListPaths = (
			);
			inputPaths = (
				"${PODS_PODFILE_DIR_PATH}/Podfile.lock",
				"${PODS_ROOT}/Manifest.lock",
			);
			name = "[CP] Check Pods Manifest.lock";
			outputFileListPaths = (
			);
			outputPaths = (
				"$(DERIVED_FILE_DIR)/Pods-JigTalk MoviesTests-checkManifestLockResult.txt",
			);
			runOnlyForDeploymentPostprocessing = 0;
			shellPath = /bin/sh;
			shellScript = "diff \"${PODS_PODFILE_DIR_PATH}/Podfile.lock\" \"${PODS_ROOT}/Manifest.lock\" > /dev/null\nif [ $? != 0 ] ; then\n    # print error to STDERR\n    echo \"error: The sandbox is not in sync with the Podfile.lock. Run 'pod install' or update your CocoaPods installation.\" >&2\n    exit 1\nfi\n# This output is used by Xcode 'outputs' to avoid re-running this script phase.\necho \"SUCCESS\" > \"${SCRIPT_OUTPUT_FILE_0}\"\n";
			showEnvVarsInLog = 0;
		};
		F6C0DA4BE59C71C71AF1480A /* [CP] Embed Pods Frameworks */ = {
			isa = PBXShellScriptBuildPhase;
			buildActionMask = 2147483647;
			files = (
			);
			inputFileListPaths = (
				"${PODS_ROOT}/Target Support Files/Pods-JigTalk Movies/Pods-JigTalk Movies-frameworks-${CONFIGURATION}-input-files.xcfilelist",
			);
			name = "[CP] Embed Pods Frameworks";
			outputFileListPaths = (
				"${PODS_ROOT}/Target Support Files/Pods-JigTalk Movies/Pods-JigTalk Movies-frameworks-${CONFIGURATION}-output-files.xcfilelist",
			);
			runOnlyForDeploymentPostprocessing = 0;
			shellPath = /bin/sh;
			shellScript = "\"${PODS_ROOT}/Target Support Files/Pods-JigTalk Movies/Pods-JigTalk Movies-frameworks.sh\"\n";
			showEnvVarsInLog = 0;
		};
/* End PBXShellScriptBuildPhase section */

/* Begin PBXSourcesBuildPhase section */
		C4C8602623D8E60100D4F5C1 /* Sources */ = {
			isa = PBXSourcesBuildPhase;
			buildActionMask = 2147483647;
			files = (
				C45E282423DA140C0096CE72 /* JCResultCell.swift in Sources */,
				C4C8606023D8E88500D4F5C1 /* JCSearchResult.swift in Sources */,
				C4C8605823D8E6AC00D4F5C1 /* JCSearchVC.swift in Sources */,
				C4C8602E23D8E60100D4F5C1 /* AppDelegate.swift in Sources */,
				C4C8605D23D8E74500D4F5C1 /* JCSearchService.swift in Sources */,
				C45E281D23DA0EE60096CE72 /* JCResultsVC.swift in Sources */,
				C4C8605A23D8E70100D4F5C1 /* JCSearchInteractor.swift in Sources */,
				C4C8606223D8EA1200D4F5C1 /* JCNetworkManager.swift in Sources */,
				C4C8603023D8E60100D4F5C1 /* SceneDelegate.swift in Sources */,
			);
			runOnlyForDeploymentPostprocessing = 0;
		};
		C4C8603C23D8E60300D4F5C1 /* Sources */ = {
			isa = PBXSourcesBuildPhase;
			buildActionMask = 2147483647;
			files = (
				C4055ABD23DA2BF300036862 /* ResultsTests.swift in Sources */,
				C45E281823D9062A0096CE72 /* SearchTests.swift in Sources */,
			);
			runOnlyForDeploymentPostprocessing = 0;
		};
/* End PBXSourcesBuildPhase section */

/* Begin PBXTargetDependency section */
		C4C8604223D8E60300D4F5C1 /* PBXTargetDependency */ = {
			isa = PBXTargetDependency;
			target = C4C8602923D8E60100D4F5C1 /* JigTalk Movies */;
			targetProxy = C4C8604123D8E60300D4F5C1 /* PBXContainerItemProxy */;
		};
/* End PBXTargetDependency section */

/* Begin PBXVariantGroup section */
		C4C8603323D8E60100D4F5C1 /* Main.storyboard */ = {
			isa = PBXVariantGroup;
			children = (
				C4C8603423D8E60100D4F5C1 /* Base */,
			);
			name = Main.storyboard;
			sourceTree = "<group>";
		};
		C4C8603823D8E60300D4F5C1 /* LaunchScreen.storyboard */ = {
			isa = PBXVariantGroup;
			children = (
				C4C8603923D8E60300D4F5C1 /* Base */,
			);
			name = LaunchScreen.storyboard;
			sourceTree = "<group>";
		};
/* End PBXVariantGroup section */

/* Begin XCBuildConfiguration section */
		C4C8604723D8E60300D4F5C1 /* Debug */ = {
			isa = XCBuildConfiguration;
			buildSettings = {
				ALWAYS_SEARCH_USER_PATHS = NO;
				CLANG_ANALYZER_NONNULL = YES;
				CLANG_ANALYZER_NUMBER_OBJECT_CONVERSION = YES_AGGRESSIVE;
				CLANG_CXX_LANGUAGE_STANDARD = "gnu++14";
				CLANG_CXX_LIBRARY = "libc++";
				CLANG_ENABLE_MODULES = YES;
				CLANG_ENABLE_OBJC_ARC = YES;
				CLANG_ENABLE_OBJC_WEAK = YES;
				CLANG_WARN_BLOCK_CAPTURE_AUTORELEASING = YES;
				CLANG_WARN_BOOL_CONVERSION = YES;
				CLANG_WARN_COMMA = YES;
				CLANG_WARN_CONSTANT_CONVERSION = YES;
				CLANG_WARN_DEPRECATED_OBJC_IMPLEMENTATIONS = YES;
				CLANG_WARN_DIRECT_OBJC_ISA_USAGE = YES_ERROR;
				CLANG_WARN_DOCUMENTATION_COMMENTS = YES;
				CLANG_WARN_EMPTY_BODY = YES;
				CLANG_WARN_ENUM_CONVERSION = YES;
				CLANG_WARN_INFINITE_RECURSION = YES;
				CLANG_WARN_INT_CONVERSION = YES;
				CLANG_WARN_NON_LITERAL_NULL_CONVERSION = YES;
				CLANG_WARN_OBJC_IMPLICIT_RETAIN_SELF = YES;
				CLANG_WARN_OBJC_LITERAL_CONVERSION = YES;
				CLANG_WARN_OBJC_ROOT_CLASS = YES_ERROR;
				CLANG_WARN_RANGE_LOOP_ANALYSIS = YES;
				CLANG_WARN_STRICT_PROTOTYPES = YES;
				CLANG_WARN_SUSPICIOUS_MOVE = YES;
				CLANG_WARN_UNGUARDED_AVAILABILITY = YES_AGGRESSIVE;
				CLANG_WARN_UNREACHABLE_CODE = YES;
				CLANG_WARN__DUPLICATE_METHOD_MATCH = YES;
				COPY_PHASE_STRIP = NO;
				DEBUG_INFORMATION_FORMAT = dwarf;
				ENABLE_STRICT_OBJC_MSGSEND = YES;
				ENABLE_TESTABILITY = YES;
				GCC_C_LANGUAGE_STANDARD = gnu11;
				GCC_DYNAMIC_NO_PIC = NO;
				GCC_NO_COMMON_BLOCKS = YES;
				GCC_OPTIMIZATION_LEVEL = 0;
				GCC_PREPROCESSOR_DEFINITIONS = (
					"DEBUG=1",
					"$(inherited)",
				);
				GCC_WARN_64_TO_32_BIT_CONVERSION = YES;
				GCC_WARN_ABOUT_RETURN_TYPE = YES_ERROR;
				GCC_WARN_UNDECLARED_SELECTOR = YES;
				GCC_WARN_UNINITIALIZED_AUTOS = YES_AGGRESSIVE;
				GCC_WARN_UNUSED_FUNCTION = YES;
				GCC_WARN_UNUSED_VARIABLE = YES;
				IPHONEOS_DEPLOYMENT_TARGET = 13.2;
				MTL_ENABLE_DEBUG_INFO = INCLUDE_SOURCE;
				MTL_FAST_MATH = YES;
				ONLY_ACTIVE_ARCH = YES;
				SDKROOT = iphoneos;
				SWIFT_ACTIVE_COMPILATION_CONDITIONS = DEBUG;
				SWIFT_OPTIMIZATION_LEVEL = "-Onone";
			};
			name = Debug;
		};
		C4C8604823D8E60300D4F5C1 /* Release */ = {
			isa = XCBuildConfiguration;
			buildSettings = {
				ALWAYS_SEARCH_USER_PATHS = NO;
				CLANG_ANALYZER_NONNULL = YES;
				CLANG_ANALYZER_NUMBER_OBJECT_CONVERSION = YES_AGGRESSIVE;
				CLANG_CXX_LANGUAGE_STANDARD = "gnu++14";
				CLANG_CXX_LIBRARY = "libc++";
				CLANG_ENABLE_MODULES = YES;
				CLANG_ENABLE_OBJC_ARC = YES;
				CLANG_ENABLE_OBJC_WEAK = YES;
				CLANG_WARN_BLOCK_CAPTURE_AUTORELEASING = YES;
				CLANG_WARN_BOOL_CONVERSION = YES;
				CLANG_WARN_COMMA = YES;
				CLANG_WARN_CONSTANT_CONVERSION = YES;
				CLANG_WARN_DEPRECATED_OBJC_IMPLEMENTATIONS = YES;
				CLANG_WARN_DIRECT_OBJC_ISA_USAGE = YES_ERROR;
				CLANG_WARN_DOCUMENTATION_COMMENTS = YES;
				CLANG_WARN_EMPTY_BODY = YES;
				CLANG_WARN_ENUM_CONVERSION = YES;
				CLANG_WARN_INFINITE_RECURSION = YES;
				CLANG_WARN_INT_CONVERSION = YES;
				CLANG_WARN_NON_LITERAL_NULL_CONVERSION = YES;
				CLANG_WARN_OBJC_IMPLICIT_RETAIN_SELF = YES;
				CLANG_WARN_OBJC_LITERAL_CONVERSION = YES;
				CLANG_WARN_OBJC_ROOT_CLASS = YES_ERROR;
				CLANG_WARN_RANGE_LOOP_ANALYSIS = YES;
				CLANG_WARN_STRICT_PROTOTYPES = YES;
				CLANG_WARN_SUSPICIOUS_MOVE = YES;
				CLANG_WARN_UNGUARDED_AVAILABILITY = YES_AGGRESSIVE;
				CLANG_WARN_UNREACHABLE_CODE = YES;
				CLANG_WARN__DUPLICATE_METHOD_MATCH = YES;
				COPY_PHASE_STRIP = NO;
				DEBUG_INFORMATION_FORMAT = "dwarf-with-dsym";
				ENABLE_NS_ASSERTIONS = NO;
				ENABLE_STRICT_OBJC_MSGSEND = YES;
				GCC_C_LANGUAGE_STANDARD = gnu11;
				GCC_NO_COMMON_BLOCKS = YES;
				GCC_WARN_64_TO_32_BIT_CONVERSION = YES;
				GCC_WARN_ABOUT_RETURN_TYPE = YES_ERROR;
				GCC_WARN_UNDECLARED_SELECTOR = YES;
				GCC_WARN_UNINITIALIZED_AUTOS = YES_AGGRESSIVE;
				GCC_WARN_UNUSED_FUNCTION = YES;
				GCC_WARN_UNUSED_VARIABLE = YES;
				IPHONEOS_DEPLOYMENT_TARGET = 13.2;
				MTL_ENABLE_DEBUG_INFO = NO;
				MTL_FAST_MATH = YES;
				SDKROOT = iphoneos;
				SWIFT_COMPILATION_MODE = wholemodule;
				SWIFT_OPTIMIZATION_LEVEL = "-O";
				VALIDATE_PRODUCT = YES;
			};
			name = Release;
		};
		C4C8604A23D8E60300D4F5C1 /* Debug */ = {
			isa = XCBuildConfiguration;
			baseConfigurationReference = A9D7E682ED33A78A484C9FD2 /* Pods-JigTalk Movies.debug.xcconfig */;
			buildSettings = {
				ASSETCATALOG_COMPILER_APPICON_NAME = AppIcon;
				CODE_SIGN_STYLE = Automatic;
				DEVELOPMENT_TEAM = 3SZ5Q7PFC5;
				INFOPLIST_FILE = "JigTalk Movies/Info.plist";
				IPHONEOS_DEPLOYMENT_TARGET = 13.0;
				LD_RUNPATH_SEARCH_PATHS = (
					"$(inherited)",
					"@executable_path/Frameworks",
				);
				PRODUCT_BUNDLE_IDENTIFIER = "joshcolley.com.JigTalk-Movies";
				PRODUCT_NAME = "$(TARGET_NAME)";
				SWIFT_VERSION = 5.0;
				TARGETED_DEVICE_FAMILY = 1;
			};
			name = Debug;
		};
		C4C8604B23D8E60300D4F5C1 /* Release */ = {
			isa = XCBuildConfiguration;
			baseConfigurationReference = 8176022C9FA60F8EC01C216C /* Pods-JigTalk Movies.release.xcconfig */;
			buildSettings = {
				ASSETCATALOG_COMPILER_APPICON_NAME = AppIcon;
				CODE_SIGN_STYLE = Automatic;
				DEVELOPMENT_TEAM = 3SZ5Q7PFC5;
				INFOPLIST_FILE = "JigTalk Movies/Info.plist";
				IPHONEOS_DEPLOYMENT_TARGET = 13.0;
				LD_RUNPATH_SEARCH_PATHS = (
					"$(inherited)",
					"@executable_path/Frameworks",
				);
				PRODUCT_BUNDLE_IDENTIFIER = "joshcolley.com.JigTalk-Movies";
				PRODUCT_NAME = "$(TARGET_NAME)";
				SWIFT_VERSION = 5.0;
				TARGETED_DEVICE_FAMILY = 1;
			};
			name = Release;
		};
		C4C8604D23D8E60300D4F5C1 /* Debug */ = {
			isa = XCBuildConfiguration;
			baseConfigurationReference = 36E82BE8318EDF587350AB81 /* Pods-JigTalk MoviesTests.debug.xcconfig */;
			buildSettings = {
				ALWAYS_EMBED_SWIFT_STANDARD_LIBRARIES = YES;
				BUNDLE_LOADER = "$(TEST_HOST)";
				CODE_SIGN_STYLE = Automatic;
				DEVELOPMENT_TEAM = 3SZ5Q7PFC5;
				INFOPLIST_FILE = "JigTalk MoviesTests/Info.plist";
				IPHONEOS_DEPLOYMENT_TARGET = 13.2;
				LD_RUNPATH_SEARCH_PATHS = (
					"$(inherited)",
					"@executable_path/Frameworks",
					"@loader_path/Frameworks",
				);
				PRODUCT_BUNDLE_IDENTIFIER = "joshcolley.com.JigTalk-MoviesTests";
				PRODUCT_NAME = "$(TARGET_NAME)";
				SWIFT_VERSION = 5.0;
				TARGETED_DEVICE_FAMILY = "1,2";
				TEST_HOST = "$(BUILT_PRODUCTS_DIR)/JigTalk Movies.app/JigTalk Movies";
			};
			name = Debug;
		};
		C4C8604E23D8E60300D4F5C1 /* Release */ = {
			isa = XCBuildConfiguration;
			baseConfigurationReference = 1377B1BD974A98C1788F9F20 /* Pods-JigTalk MoviesTests.release.xcconfig */;
			buildSettings = {
				ALWAYS_EMBED_SWIFT_STANDARD_LIBRARIES = YES;
				BUNDLE_LOADER = "$(TEST_HOST)";
				CODE_SIGN_STYLE = Automatic;
				DEVELOPMENT_TEAM = 3SZ5Q7PFC5;
				INFOPLIST_FILE = "JigTalk MoviesTests/Info.plist";
				IPHONEOS_DEPLOYMENT_TARGET = 13.2;
				LD_RUNPATH_SEARCH_PATHS = (
					"$(inherited)",
					"@executable_path/Frameworks",
					"@loader_path/Frameworks",
				);
				PRODUCT_BUNDLE_IDENTIFIER = "joshcolley.com.JigTalk-MoviesTests";
				PRODUCT_NAME = "$(TARGET_NAME)";
				SWIFT_VERSION = 5.0;
				TARGETED_DEVICE_FAMILY = "1,2";
				TEST_HOST = "$(BUILT_PRODUCTS_DIR)/JigTalk Movies.app/JigTalk Movies";
			};
			name = Release;
		};
/* End XCBuildConfiguration section */

/* Begin XCConfigurationList section */
		C4C8602523D8E60100D4F5C1 /* Build configuration list for PBXProject "JigTalk Movies" */ = {
			isa = XCConfigurationList;
			buildConfigurations = (
				C4C8604723D8E60300D4F5C1 /* Debug */,
				C4C8604823D8E60300D4F5C1 /* Release */,
			);
			defaultConfigurationIsVisible = 0;
			defaultConfigurationName = Release;
		};
		C4C8604923D8E60300D4F5C1 /* Build configuration list for PBXNativeTarget "JigTalk Movies" */ = {
			isa = XCConfigurationList;
			buildConfigurations = (
				C4C8604A23D8E60300D4F5C1 /* Debug */,
				C4C8604B23D8E60300D4F5C1 /* Release */,
			);
			defaultConfigurationIsVisible = 0;
			defaultConfigurationName = Release;
		};
		C4C8604C23D8E60300D4F5C1 /* Build configuration list for PBXNativeTarget "JigTalk MoviesTests" */ = {
			isa = XCConfigurationList;
			buildConfigurations = (
				C4C8604D23D8E60300D4F5C1 /* Debug */,
				C4C8604E23D8E60300D4F5C1 /* Release */,
			);
			defaultConfigurationIsVisible = 0;
			defaultConfigurationName = Release;
		};
/* End XCConfigurationList section */
	};
	rootObject = C4C8602223D8E60100D4F5C1 /* Project object */;
}
